
Microsoft Visual Studio Solution File, Format Version 12.00
# Visual Studio Version 17
VisualStudioVersion = 17.3.32819.101
MinimumVisualStudioVersion = 10.0.40219.1
Project("{FAE04EC0-301F-11D3-BF4B-00C04F79EFBC}") = "Calculator", "Calculator\Calculator.csproj", "{EA61A477-6D21-4611-9730-2F7A1D6CFFDD}"
EndProject
Project("{FAE04EC0-301F-11D3-BF4B-00C04F79EFBC}") = "Calculator.UnitTests", "Calculator.UnitTests\Calculator.UnitTests.csproj", "{1FC1A0AB-B628-45B9-8900-A03DD9F00147}"
EndProject
Global
	GlobalSection(SolutionConfigurationPlatforms) = preSolution
		Debug|Any CPU = Debug|Any CPU
		Release|Any CPU = Release|Any CPU
	EndGlobalSection
	GlobalSection(ProjectConfigurationPlatforms) = postSolution
		{EA61A477-6D21-4611-9730-2F7A1D6CFFDD}.Debug|Any CPU.ActiveCfg = Debug|Any CPU
		{EA61A477-6D21-4611-9730-2F7A1D6CFFDD}.Debug|Any CPU.Build.0 = Debug|Any CPU
		{EA61A477-6D21-4611-9730-2F7A1D6CFFDD}.Release|Any CPU.ActiveCfg = Release|Any CPU
		{EA61A477-6D21-4611-9730-2F7A1D6CFFDD}.Release|Any CPU.Build.0 = Release|Any CPU
		{1FC1A0AB-B628-45B9-8900-A03DD9F00147}.Debug|Any CPU.ActiveCfg = Debug|Any CPU
		{1FC1A0AB-B628-45B9-8900-A03DD9F00147}.Debug|Any CPU.Build.0 = Debug|Any CPU
		{1FC1A0AB-B628-45B9-8900-A03DD9F00147}.Release|Any CPU.ActiveCfg = Release|Any CPU
		{1FC1A0AB-B628-45B9-8900-A03DD9F00147}.Release|Any CPU.Build.0 = Release|Any CPU
	EndGlobalSection
	GlobalSection(SolutionProperties) = preSolution
		HideSolutionNode = FALSE
	EndGlobalSection
	GlobalSection(ExtensibilityGlobals) = postSolution
		SolutionGuid = {7940ED65-0F15-4029-907B-73B6A55EC171}
	EndGlobalSection
EndGlobal
